
Microsoft Visual Studio Solution File, Format Version 12.00
# Visual Studio 15
VisualStudioVersion = 15.0.28307.572
MinimumVisualStudioVersion = 10.0.40219.1
Project("{9A19103F-16F7-4668-BE54-9A1E7A4F7556}") = "BWYSDPDALApi", "BWYSDPDALApi\BWYSDPDALApi.csproj", "{D6ABBFB4-ABE6-42F3-9382-7A581B7703B8}"
EndProject
Project("{FAE04EC0-301F-11D3-BF4B-00C04F79EFBC}") = "SDPCRL.DAL.DBHelp", "SDPCRL.DAL.DBHelp\SDPCRL.DAL.DBHelp.csproj", "{2BE09142-0AC7-4E0D-8C4A-EC6A5217F89B}"
EndProject
Project("{FAE04EC0-301F-11D3-BF4B-00C04F79EFBC}") = "SDPCRL.DAL.COM", "SDPCRL.DAL.COM\SDPCRL.DAL.COM.csproj", "{A95B83F6-3B58-42AF-9F10-7CF6649177B2}"
EndProject
Project("{2150E333-8FDC-42A3-9474-1A3956D46DE8}") = "SDPCRL.DAL", "SDPCRL.DAL", "{D3A1857A-A98F-4A87-B6DB-C5C5B02EF513}"
EndProject
Project("{2150E333-8FDC-42A3-9474-1A3956D46DE8}") = "SDPCRL.COM", "SDPCRL.COM", "{E66265DF-83E6-4244-A4AF-B052818B9C3E}"
EndProject
Project("{FAE04EC0-301F-11D3-BF4B-00C04F79EFBC}") = "SDPCRL.CORE", "SDPCRL.CORE\SDPCRL.CORE.csproj", "{EB92337B-0FD5-4CA5-A538-EAFCE37EF98C}"
EndProject
Project("{2150E333-8FDC-42A3-9474-1A3956D46DE8}") = "resource", "resource", "{F9D34898-F4BD-4A16-827E-5B157A064CEA}"
EndProject
Project("{FAE04EC0-301F-11D3-BF4B-00C04F79EFBC}") = "BWYResFactory", "BWYResFactory\BWYResFactory.csproj", "{5F7BFDEC-EC03-4763-97FA-A4BA920B282C}"
EndProject
Project("{FAE04EC0-301F-11D3-BF4B-00C04F79EFBC}") = "SDPCRL.DAL.IDBHelp", "SDPCRL.DAL.IDBHelp\SDPCRL.DAL.IDBHelp.csproj", "{3F833720-7B3A-4912-9FA3-F8DBE25180A1}"
EndProject
Project("{FAE04EC0-301F-11D3-BF4B-00C04F79EFBC}") = "SDPCRL.DAL.BUS", "SDPCRL.DAL.BUS\SDPCRL.DAL.BUS.csproj", "{3F8B1187-CB0E-401A-A8EF-7F7345535092}"
EndProject
Project("{FAE04EC0-301F-11D3-BF4B-00C04F79EFBC}") = "SDPCRL.IBussiness", "SDPCRL.IBussiness\SDPCRL.IBussiness.csproj", "{64C31415-229A-46A6-8F09-F21C2932777B}"
EndProject
Global
	GlobalSection(SolutionConfigurationPlatforms) = preSolution
		Debug|Any CPU = Debug|Any CPU
		Release|Any CPU = Release|Any CPU
	EndGlobalSection
	GlobalSection(ProjectConfigurationPlatforms) = postSolution
		{D6ABBFB4-ABE6-42F3-9382-7A581B7703B8}.Debug|Any CPU.ActiveCfg = Debug|Any CPU
		{D6ABBFB4-ABE6-42F3-9382-7A581B7703B8}.Debug|Any CPU.Build.0 = Debug|Any CPU
		{D6ABBFB4-ABE6-42F3-9382-7A581B7703B8}.Release|Any CPU.ActiveCfg = Release|Any CPU
		{D6ABBFB4-ABE6-42F3-9382-7A581B7703B8}.Release|Any CPU.Build.0 = Release|Any CPU
		{2BE09142-0AC7-4E0D-8C4A-EC6A5217F89B}.Debug|Any CPU.ActiveCfg = Debug|Any CPU
		{2BE09142-0AC7-4E0D-8C4A-EC6A5217F89B}.Debug|Any CPU.Build.0 = Debug|Any CPU
		{2BE09142-0AC7-4E0D-8C4A-EC6A5217F89B}.Release|Any CPU.ActiveCfg = Release|Any CPU
		{2BE09142-0AC7-4E0D-8C4A-EC6A5217F89B}.Release|Any CPU.Build.0 = Release|Any CPU
		{A95B83F6-3B58-42AF-9F10-7CF6649177B2}.Debug|Any CPU.ActiveCfg = Debug|Any CPU
		{A95B83F6-3B58-42AF-9F10-7CF6649177B2}.Debug|Any CPU.Build.0 = Debug|Any CPU
		{A95B83F6-3B58-42AF-9F10-7CF6649177B2}.Release|Any CPU.ActiveCfg = Release|Any CPU
		{A95B83F6-3B58-42AF-9F10-7CF6649177B2}.Release|Any CPU.Build.0 = Release|Any CPU
		{EB92337B-0FD5-4CA5-A538-EAFCE37EF98C}.Debug|Any CPU.ActiveCfg = Debug|Any CPU
		{EB92337B-0FD5-4CA5-A538-EAFCE37EF98C}.Debug|Any CPU.Build.0 = Debug|Any CPU
		{EB92337B-0FD5-4CA5-A538-EAFCE37EF98C}.Release|Any CPU.ActiveCfg = Release|Any CPU
		{EB92337B-0FD5-4CA5-A538-EAFCE37EF98C}.Release|Any CPU.Build.0 = Release|Any CPU
		{5F7BFDEC-EC03-4763-97FA-A4BA920B282C}.Debug|Any CPU.ActiveCfg = Debug|Any CPU
		{5F7BFDEC-EC03-4763-97FA-A4BA920B282C}.Debug|Any CPU.Build.0 = Debug|Any CPU
		{5F7BFDEC-EC03-4763-97FA-A4BA920B282C}.Release|Any CPU.ActiveCfg = Release|Any CPU
		{5F7BFDEC-EC03-4763-97FA-A4BA920B282C}.Release|Any CPU.Build.0 = Release|Any CPU
		{3F833720-7B3A-4912-9FA3-F8DBE25180A1}.Debug|Any CPU.ActiveCfg = Debug|Any CPU
		{3F833720-7B3A-4912-9FA3-F8DBE25180A1}.Debug|Any CPU.Build.0 = Debug|Any CPU
		{3F833720-7B3A-4912-9FA3-F8DBE25180A1}.Release|Any CPU.ActiveCfg = Release|Any CPU
		{3F833720-7B3A-4912-9FA3-F8DBE25180A1}.Release|Any CPU.Build.0 = Release|Any CPU
		{3F8B1187-CB0E-401A-A8EF-7F7345535092}.Debug|Any CPU.ActiveCfg = Debug|Any CPU
		{3F8B1187-CB0E-401A-A8EF-7F7345535092}.Debug|Any CPU.Build.0 = Debug|Any CPU
		{3F8B1187-CB0E-401A-A8EF-7F7345535092}.Release|Any CPU.ActiveCfg = Release|Any CPU
		{3F8B1187-CB0E-401A-A8EF-7F7345535092}.Release|Any CPU.Build.0 = Release|Any CPU
		{64C31415-229A-46A6-8F09-F21C2932777B}.Debug|Any CPU.ActiveCfg = Debug|Any CPU
		{64C31415-229A-46A6-8F09-F21C2932777B}.Debug|Any CPU.Build.0 = Debug|Any CPU
		{64C31415-229A-46A6-8F09-F21C2932777B}.Release|Any CPU.ActiveCfg = Release|Any CPU
		{64C31415-229A-46A6-8F09-F21C2932777B}.Release|Any CPU.Build.0 = Release|Any CPU
	EndGlobalSection
	GlobalSection(SolutionProperties) = preSolution
		HideSolutionNode = FALSE
	EndGlobalSection
	GlobalSection(NestedProjects) = preSolution
		{2BE09142-0AC7-4E0D-8C4A-EC6A5217F89B} = {D3A1857A-A98F-4A87-B6DB-C5C5B02EF513}
		{A95B83F6-3B58-42AF-9F10-7CF6649177B2} = {D3A1857A-A98F-4A87-B6DB-C5C5B02EF513}
		{EB92337B-0FD5-4CA5-A538-EAFCE37EF98C} = {E66265DF-83E6-4244-A4AF-B052818B9C3E}
		{5F7BFDEC-EC03-4763-97FA-A4BA920B282C} = {F9D34898-F4BD-4A16-827E-5B157A064CEA}
		{3F833720-7B3A-4912-9FA3-F8DBE25180A1} = {D3A1857A-A98F-4A87-B6DB-C5C5B02EF513}
		{3F8B1187-CB0E-401A-A8EF-7F7345535092} = {D3A1857A-A98F-4A87-B6DB-C5C5B02EF513}
		{64C31415-229A-46A6-8F09-F21C2932777B} = {E66265DF-83E6-4244-A4AF-B052818B9C3E}
	EndGlobalSection
	GlobalSection(ExtensibilityGlobals) = postSolution
		SolutionGuid = {39B011AD-9D79-4E84-AAFC-DF8D5629E331}
	EndGlobalSection
EndGlobal
